
Microsoft Visual Studio Solution File, Format Version 12.00
# Visual Studio Version 17
VisualStudioVersion = 17.8.34511.84
MinimumVisualStudioVersion = 10.0.40219.1
Project("{FAE04EC0-301F-11D3-BF4B-00C04F79EFBC}") = "Methods", "Methods.csproj", "{C2558EC2-9CB4-46A8-BD9D-93FE5F444085}"
EndProject
Global
	GlobalSection(SolutionConfigurationPlatforms) = preSolution
		Debug|Any CPU = Debug|Any CPU
		Release|Any CPU = Release|Any CPU
	EndGlobalSection
	GlobalSection(ProjectConfigurationPlatforms) = postSolution
		{C2558EC2-9CB4-46A8-BD9D-93FE5F444085}.Debug|Any CPU.ActiveCfg = Debug|Any CPU
		{C2558EC2-9CB4-46A8-BD9D-93FE5F444085}.Debug|Any CPU.Build.0 = Debug|Any CPU
		{C2558EC2-9CB4-46A8-BD9D-93FE5F444085}.Release|Any CPU.ActiveCfg = Release|Any CPU
		{C2558EC2-9CB4-46A8-BD9D-93FE5F444085}.Release|Any CPU.Build.0 = Release|Any CPU
	EndGlobalSection
	GlobalSection(SolutionProperties) = preSolution
		HideSolutionNode = FALSE
	EndGlobalSection
	GlobalSection(ExtensibilityGlobals) = postSolution
		SolutionGuid = {5DB1B367-1258-46C7-BA12-5BE00DD82422}
	EndGlobalSection
EndGlobal
